# This file is autogenerated, do not edit; changes may be undone by the next 'dep ensure'.


[[projects]]
  digest = "1:6807f0149aeafca85e8ca7e5516aed5d3e1ef59d871660f3ac2ee28477eb5c26"
  name = "github.com/golang/protobuf"
  packages = [
    "proto",
    "protoc-gen-go",
    "protoc-gen-go/descriptor",
    "protoc-gen-go/generator",
    "protoc-gen-go/generator/internal/remap",
    "protoc-gen-go/grpc",
    "protoc-gen-go/plugin",
  ]
  pruneopts = "UT"
  revision = "b5d812f8a3706043e23a9cd5babf2e5423744d30"
  version = "v1.3.1"

[[projects]]
  branch = "master"
  digest = "1:134674d729e1afbae39eeaa6abcf8e5f3106338f83643394ab5205a020efbd9b"
  name = "golang.org/x/lint"
  packages = [
    ".",
    "golint",
  ]
  pruneopts = "UT"
  revision = "959b441ac422379a43da2230f62be024250818b0"

[[projects]]
  branch = "master"
  digest = "1:c1e9186d6ddadf42c4f2c4029d873dc4d8c875c360c50190c0e8b8977d5e0554"
  name = "golang.org/x/tools"
  packages = [
    "cmd/goimports",
    "go/ast/astutil",
    "go/gcexportdata",
    "go/internal/gcimporter",
    "go/internal/packagesdriver",
    "go/packages",
    "go/types/typeutil",
    "internal/fastwalk",
    "internal/gopathwalk",
    "internal/imports",
    "internal/module",
    "internal/semver",
  ]
  pruneopts = "UT"
  revision = "7be61e1b0e514e106d83fc439d56a79143738603"

[solve-meta]
  analyzer-name = "dep"
  analyzer-version = 1
  input-imports = [
    "github.com/golang/protobuf/proto",
    "github.com/golang/protobuf/protoc-gen-go",
    "golang.org/x/lint/golint",
    "golang.org/x/tools/cmd/goimports",
  ]
  solver-name = "gps-cdcl"
  solver-version = 1
